
Microsoft Visual Studio Solution File, Format Version 12.00
Project("{FAE04EC0-301F-11D3-BF4B-00C04F79EFBC}") = "Deerlicious.API", "Deerlicious.API.csproj", "{A6BBF912-7E77-41AC-A10F-77D04D6119A2}"
EndProject
Global
	GlobalSection(SolutionConfigurationPlatforms) = preSolution
		Debug|Any CPU = Debug|Any CPU
		Release|Any CPU = Release|Any CPU
	EndGlobalSection
	GlobalSection(ProjectConfigurationPlatforms) = postSolution
		{A6BBF912-7E77-41AC-A10F-77D04D6119A2}.Debug|Any CPU.ActiveCfg = Debug|Any CPU
		{A6BBF912-7E77-41AC-A10F-77D04D6119A2}.Debug|Any CPU.Build.0 = Debug|Any CPU
		{A6BBF912-7E77-41AC-A10F-77D04D6119A2}.Release|Any CPU.ActiveCfg = Release|Any CPU
		{A6BBF912-7E77-41AC-A10F-77D04D6119A2}.Release|Any CPU.Build.0 = Release|Any CPU
	EndGlobalSection
EndGlobal
